
Microsoft Visual Studio Solution File, Format Version 12.00
# Visual Studio Version 17
VisualStudioVersion = 17.6.33815.320
MinimumVisualStudioVersion = 10.0.40219.1
Project("{FAE04EC0-301F-11D3-BF4B-00C04F79EFBC}") = "PalWorldSetting", "PalWorldSetting\PalWorldSetting.csproj", "{023FA778-22D5-4146-B3EE-E31FF273D9E0}"
EndProject
Global
	GlobalSection(SolutionConfigurationPlatforms) = preSolution
		Debug|Any CPU = Debug|Any CPU
		Release|Any CPU = Release|Any CPU
	EndGlobalSection
	GlobalSection(ProjectConfigurationPlatforms) = postSolution
		{023FA778-22D5-4146-B3EE-E31FF273D9E0}.Debug|Any CPU.ActiveCfg = Debug|Any CPU
		{023FA778-22D5-4146-B3EE-E31FF273D9E0}.Debug|Any CPU.Build.0 = Debug|Any CPU
		{023FA778-22D5-4146-B3EE-E31FF273D9E0}.Release|Any CPU.ActiveCfg = Release|Any CPU
		{023FA778-22D5-4146-B3EE-E31FF273D9E0}.Release|Any CPU.Build.0 = Release|Any CPU
	EndGlobalSection
	GlobalSection(SolutionProperties) = preSolution
		HideSolutionNode = FALSE
	EndGlobalSection
	GlobalSection(ExtensibilityGlobals) = postSolution
		SolutionGuid = {6244EB30-0DA3-47A2-ADB7-4C80784D31F4}
	EndGlobalSection
EndGlobal
